
Microsoft Visual Studio Solution File, Format Version 12.00
# Visual Studio Version 16
VisualStudioVersion = 16.0.808.5
MinimumVisualStudioVersion = 10.0.40219.1
Project("{FAE04EC0-301F-11D3-BF4B-00C04F79EFBC}") = "API", "API.csproj", "{BA13435E-EF8A-471A-A7C5-FE8A77076840}"
EndProject
Global
	GlobalSection(SolutionConfigurationPlatforms) = preSolution
		Debug|Any CPU = Debug|Any CPU
		Release|Any CPU = Release|Any CPU
	EndGlobalSection
	GlobalSection(ProjectConfigurationPlatforms) = postSolution
		{BA13435E-EF8A-471A-A7C5-FE8A77076840}.Debug|Any CPU.ActiveCfg = Debug|Any CPU
		{BA13435E-EF8A-471A-A7C5-FE8A77076840}.Debug|Any CPU.Build.0 = Debug|Any CPU
		{BA13435E-EF8A-471A-A7C5-FE8A77076840}.Release|Any CPU.ActiveCfg = Release|Any CPU
		{BA13435E-EF8A-471A-A7C5-FE8A77076840}.Release|Any CPU.Build.0 = Release|Any CPU
	EndGlobalSection
	GlobalSection(SolutionProperties) = preSolution
		HideSolutionNode = FALSE
	EndGlobalSection
	GlobalSection(ExtensibilityGlobals) = postSolution
		SolutionGuid = {C3F5F908-7FC0-49B8-BBEE-6C05C0B9075D}
	EndGlobalSection
EndGlobal
